// !$*UTF8*$!
{
	archiveVersion = 1;
	classes = {
	};
	objectVersion = 50;
	objects = {

/* Begin PBXBuildFile section */
		6561A7389513FBE5CFDB0813 /* Pods_Fortnite_Hub.framework in Frameworks */ = {isa = PBXBuildFile; fileRef = 545A34184034BB4B078CDE13 /* Pods_Fortnite_Hub.framework */; };
		9A62EAC8216CA7F000D0A9D5 /* AppDelegate.swift in Sources */ = {isa = PBXBuildFile; fileRef = 9A62EAC7216CA7F000D0A9D5 /* AppDelegate.swift */; };
		9A62EACD216CA7F000D0A9D5 /* Main.storyboard in Resources */ = {isa = PBXBuildFile; fileRef = 9A62EACB216CA7F000D0A9D5 /* Main.storyboard */; };
		9A62EAD2216CA7F200D0A9D5 /* Assets.xcassets in Resources */ = {isa = PBXBuildFile; fileRef = 9A62EAD1216CA7F200D0A9D5 /* Assets.xcassets */; };
		9A62EAD5216CA7F200D0A9D5 /* LaunchScreen.storyboard in Resources */ = {isa = PBXBuildFile; fileRef = 9A62EAD3216CA7F200D0A9D5 /* LaunchScreen.storyboard */; };
		9A62EAE0216CA7F200D0A9D5 /* Fortnite_HubTests.swift in Sources */ = {isa = PBXBuildFile; fileRef = 9A62EADF216CA7F200D0A9D5 /* Fortnite_HubTests.swift */; };
		9A62EAEB216CA7F200D0A9D5 /* Fortnite_HubUITests.swift in Sources */ = {isa = PBXBuildFile; fileRef = 9A62EAEA216CA7F200D0A9D5 /* Fortnite_HubUITests.swift */; };
		9A8E17A2216CAD4A00F805DC /* Burbank Big Condensed Black.ttf in Resources */ = {isa = PBXBuildFile; fileRef = 9A8E17A1216CAD4A00F805DC /* Burbank Big Condensed Black.ttf */; };
		9A8E17A4216CAED100F805DC /* MainVC.swift in Sources */ = {isa = PBXBuildFile; fileRef = 9A8E17A3216CAED100F805DC /* MainVC.swift */; };
		9A8E17A7216CBD6800F805DC /* UIViewX.swift in Sources */ = {isa = PBXBuildFile; fileRef = 9A8E17A6216CBD6800F805DC /* UIViewX.swift */; };
		9A8E17A9216CE17C00F805DC /* MenuBar.swift in Sources */ = {isa = PBXBuildFile; fileRef = 9A8E17A8216CE17C00F805DC /* MenuBar.swift */; };
		9A8E17AC216CE20700F805DC /* Extensions.swift in Sources */ = {isa = PBXBuildFile; fileRef = 9A8E17AB216CE20700F805DC /* Extensions.swift */; };
		9A8E17AE216CEB3200F805DC /* MenuCell.swift in Sources */ = {isa = PBXBuildFile; fileRef = 9A8E17AD216CEB3200F805DC /* MenuCell.swift */; };
		C46C4521C9DA3CAC76AE82AC /* Pods_Fortnite_HubUITests.framework in Frameworks */ = {isa = PBXBuildFile; fileRef = 21212CE21137E6DB7144A638 /* Pods_Fortnite_HubUITests.framework */; };
		F584F05B3A1FD40F6A5A38F0 /* Pods_Fortnite_HubTests.framework in Frameworks */ = {isa = PBXBuildFile; fileRef = 37F6F288FC242F40504E8DAF /* Pods_Fortnite_HubTests.framework */; };
/* End PBXBuildFile section */

/* Begin PBXContainerItemProxy section */
		9A62EADC216CA7F200D0A9D5 /* PBXContainerItemProxy */ = {
			isa = PBXContainerItemProxy;
			containerPortal = 9A62EABC216CA7F000D0A9D5 /* Project object */;
			proxyType = 1;
			remoteGlobalIDString = 9A62EAC3216CA7F000D0A9D5;
			remoteInfo = "Fortnite Hub";
		};
		9A62EAE7216CA7F200D0A9D5 /* PBXContainerItemProxy */ = {
			isa = PBXContainerItemProxy;
			containerPortal = 9A62EABC216CA7F000D0A9D5 /* Project object */;
			proxyType = 1;
			remoteGlobalIDString = 9A62EAC3216CA7F000D0A9D5;
			remoteInfo = "Fortnite Hub";
		};
/* End PBXContainerItemProxy section */

/* Begin PBXFileReference section */
		03511FDDFEEBC580F2C9CA50 /* Pods-Fortnite HubTests.release.xcconfig */ = {isa = PBXFileReference; includeInIndex = 1; lastKnownFileType = text.xcconfig; name = "Pods-Fortnite HubTests.release.xcconfig"; path = "Pods/Target Support Files/Pods-Fortnite HubTests/Pods-Fortnite HubTests.release.xcconfig"; sourceTree = "<group>"; };
		10C6008426E292C3CF5FFC78 /* Pods-Fortnite HubUITests.debug.xcconfig */ = {isa = PBXFileReference; includeInIndex = 1; lastKnownFileType = text.xcconfig; name = "Pods-Fortnite HubUITests.debug.xcconfig"; path = "Pods/Target Support Files/Pods-Fortnite HubUITests/Pods-Fortnite HubUITests.debug.xcconfig"; sourceTree = "<group>"; };
		21212CE21137E6DB7144A638 /* Pods_Fortnite_HubUITests.framework */ = {isa = PBXFileReference; explicitFileType = wrapper.framework; includeInIndex = 0; path = Pods_Fortnite_HubUITests.framework; sourceTree = BUILT_PRODUCTS_DIR; };
		37F6F288FC242F40504E8DAF /* Pods_Fortnite_HubTests.framework */ = {isa = PBXFileReference; explicitFileType = wrapper.framework; includeInIndex = 0; path = Pods_Fortnite_HubTests.framework; sourceTree = BUILT_PRODUCTS_DIR; };
		545A34184034BB4B078CDE13 /* Pods_Fortnite_Hub.framework */ = {isa = PBXFileReference; explicitFileType = wrapper.framework; includeInIndex = 0; path = Pods_Fortnite_Hub.framework; sourceTree = BUILT_PRODUCTS_DIR; };
		673D5D5139F73D088CB5DA29 /* Pods-Fortnite Hub.debug.xcconfig */ = {isa = PBXFileReference; includeInIndex = 1; lastKnownFileType = text.xcconfig; name = "Pods-Fortnite Hub.debug.xcconfig"; path = "Pods/Target Support Files/Pods-Fortnite Hub/Pods-Fortnite Hub.debug.xcconfig"; sourceTree = "<group>"; };
		9A62EAC4216CA7F000D0A9D5 /* Fortnite Hub.app */ = {isa = PBXFileReference; explicitFileType = wrapper.application; includeInIndex = 0; path = "Fortnite Hub.app"; sourceTree = BUILT_PRODUCTS_DIR; };
		9A62EAC7216CA7F000D0A9D5 /* AppDelegate.swift */ = {isa = PBXFileReference; lastKnownFileType = sourcecode.swift; path = AppDelegate.swift; sourceTree = "<group>"; };
		9A62EACC216CA7F000D0A9D5 /* Base */ = {isa = PBXFileReference; lastKnownFileType = file.storyboard; name = Base; path = Base.lproj/Main.storyboard; sourceTree = "<group>"; };
		9A62EAD1216CA7F200D0A9D5 /* Assets.xcassets */ = {isa = PBXFileReference; lastKnownFileType = folder.assetcatalog; path = Assets.xcassets; sourceTree = "<group>"; };
		9A62EAD4216CA7F200D0A9D5 /* Base */ = {isa = PBXFileReference; lastKnownFileType = file.storyboard; name = Base; path = Base.lproj/LaunchScreen.storyboard; sourceTree = "<group>"; };
		9A62EAD6216CA7F200D0A9D5 /* Info.plist */ = {isa = PBXFileReference; lastKnownFileType = text.plist.xml; path = Info.plist; sourceTree = "<group>"; };
		9A62EADB216CA7F200D0A9D5 /* Fortnite HubTests.xctest */ = {isa = PBXFileReference; explicitFileType = wrapper.cfbundle; includeInIndex = 0; path = "Fortnite HubTests.xctest"; sourceTree = BUILT_PRODUCTS_DIR; };
		9A62EADF216CA7F200D0A9D5 /* Fortnite_HubTests.swift */ = {isa = PBXFileReference; lastKnownFileType = sourcecode.swift; path = Fortnite_HubTests.swift; sourceTree = "<group>"; };
		9A62EAE1216CA7F200D0A9D5 /* Info.plist */ = {isa = PBXFileReference; lastKnownFileType = text.plist.xml; path = Info.plist; sourceTree = "<group>"; };
		9A62EAE6216CA7F200D0A9D5 /* Fortnite HubUITests.xctest */ = {isa = PBXFileReference; explicitFileType = wrapper.cfbundle; includeInIndex = 0; path = "Fortnite HubUITests.xctest"; sourceTree = BUILT_PRODUCTS_DIR; };
		9A62EAEA216CA7F200D0A9D5 /* Fortnite_HubUITests.swift */ = {isa = PBXFileReference; lastKnownFileType = sourcecode.swift; path = Fortnite_HubUITests.swift; sourceTree = "<group>"; };
		9A62EAEC216CA7F200D0A9D5 /* Info.plist */ = {isa = PBXFileReference; lastKnownFileType = text.plist.xml; path = Info.plist; sourceTree = "<group>"; };
		9A8E17A1216CAD4A00F805DC /* Burbank Big Condensed Black.ttf */ = {isa = PBXFileReference; lastKnownFileType = file; path = "Burbank Big Condensed Black.ttf"; sourceTree = "<group>"; };
		9A8E17A3216CAED100F805DC /* MainVC.swift */ = {isa = PBXFileReference; lastKnownFileType = sourcecode.swift; path = MainVC.swift; sourceTree = "<group>"; };
		9A8E17A6216CBD6800F805DC /* UIViewX.swift */ = {isa = PBXFileReference; lastKnownFileType = sourcecode.swift; path = UIViewX.swift; sourceTree = "<group>"; };
		9A8E17A8216CE17C00F805DC /* MenuBar.swift */ = {isa = PBXFileReference; lastKnownFileType = sourcecode.swift; path = MenuBar.swift; sourceTree = "<group>"; };
		9A8E17AB216CE20700F805DC /* Extensions.swift */ = {isa = PBXFileReference; lastKnownFileType = sourcecode.swift; path = Extensions.swift; sourceTree = "<group>"; };
		9A8E17AD216CEB3200F805DC /* MenuCell.swift */ = {isa = PBXFileReference; lastKnownFileType = sourcecode.swift; path = MenuCell.swift; sourceTree = "<group>"; };
		C048B31D0F6C999C5E5B1AEF /* Pods-Fortnite Hub.release.xcconfig */ = {isa = PBXFileReference; includeInIndex = 1; lastKnownFileType = text.xcconfig; name = "Pods-Fortnite Hub.release.xcconfig"; path = "Pods/Target Support Files/Pods-Fortnite Hub/Pods-Fortnite Hub.release.xcconfig"; sourceTree = "<group>"; };
		E7C0F06E9F1CA082BF43DDA6 /* Pods-Fortnite HubTests.debug.xcconfig */ = {isa = PBXFileReference; includeInIndex = 1; lastKnownFileType = text.xcconfig; name = "Pods-Fortnite HubTests.debug.xcconfig"; path = "Pods/Target Support Files/Pods-Fortnite HubTests/Pods-Fortnite HubTests.debug.xcconfig"; sourceTree = "<group>"; };
		EB026BA7958A6F0FEB980892 /* Pods-Fortnite HubUITests.release.xcconfig */ = {isa = PBXFileReference; includeInIndex = 1; lastKnownFileType = text.xcconfig; name = "Pods-Fortnite HubUITests.release.xcconfig"; path = "Pods/Target Support Files/Pods-Fortnite HubUITests/Pods-Fortnite HubUITests.release.xcconfig"; sourceTree = "<group>"; };
/* End PBXFileReference section */

/* Begin PBXFrameworksBuildPhase section */
		9A62EAC1216CA7F000D0A9D5 /* Frameworks */ = {
			isa = PBXFrameworksBuildPhase;
			buildActionMask = 2147483647;
			files = (
				6561A7389513FBE5CFDB0813 /* Pods_Fortnite_Hub.framework in Frameworks */,
			);
			runOnlyForDeploymentPostprocessing = 0;
		};
		9A62EAD8216CA7F200D0A9D5 /* Frameworks */ = {
			isa = PBXFrameworksBuildPhase;
			buildActionMask = 2147483647;
			files = (
				F584F05B3A1FD40F6A5A38F0 /* Pods_Fortnite_HubTests.framework in Frameworks */,
			);
			runOnlyForDeploymentPostprocessing = 0;
		};
		9A62EAE3216CA7F200D0A9D5 /* Frameworks */ = {
			isa = PBXFrameworksBuildPhase;
			buildActionMask = 2147483647;
			files = (
				C46C4521C9DA3CAC76AE82AC /* Pods_Fortnite_HubUITests.framework in Frameworks */,
			);
			runOnlyForDeploymentPostprocessing = 0;
		};
/* End PBXFrameworksBuildPhase section */

/* Begin PBXGroup section */
		9A62EABB216CA7F000D0A9D5 = {
			isa = PBXGroup;
			children = (
				9A62EAC6216CA7F000D0A9D5 /* Fortnite Hub */,
				9A62EADE216CA7F200D0A9D5 /* Fortnite HubTests */,
				9A62EAE9216CA7F200D0A9D5 /* Fortnite HubUITests */,
				9A62EAC5216CA7F000D0A9D5 /* Products */,
				BBA3AAD7448BAB2AAC8CB373 /* Pods */,
				D5AA3F4166396076FD0B2B0F /* Frameworks */,
			);
			sourceTree = "<group>";
		};
		9A62EAC5216CA7F000D0A9D5 /* Products */ = {
			isa = PBXGroup;
			children = (
				9A62EAC4216CA7F000D0A9D5 /* Fortnite Hub.app */,
				9A62EADB216CA7F200D0A9D5 /* Fortnite HubTests.xctest */,
				9A62EAE6216CA7F200D0A9D5 /* Fortnite HubUITests.xctest */,
			);
			name = Products;
			sourceTree = "<group>";
		};
		9A62EAC6216CA7F000D0A9D5 /* Fortnite Hub */ = {
			isa = PBXGroup;
			children = (
				9A8E17AA216CE1F300F805DC /* Extenions */,
				9A8E17A5216CBD5200F805DC /* Designables */,
				9A8E179F216CAA1A00F805DC /* Lunch */,
				9A8E1799216CA9B000F805DC /* Main */,
				9A8E1798216CA99B00F805DC /* Network */,
				9A8E1797216CA98800F805DC /* AppDelegate */,
				9A8E1796216CA97800F805DC /* Resources */,
			);
			path = "Fortnite Hub";
			sourceTree = "<group>";
		};
		9A62EADE216CA7F200D0A9D5 /* Fortnite HubTests */ = {
			isa = PBXGroup;
			children = (
				9A62EADF216CA7F200D0A9D5 /* Fortnite_HubTests.swift */,
				9A62EAE1216CA7F200D0A9D5 /* Info.plist */,
			);
			path = "Fortnite HubTests";
			sourceTree = "<group>";
		};
		9A62EAE9216CA7F200D0A9D5 /* Fortnite HubUITests */ = {
			isa = PBXGroup;
			children = (
				9A62EAEA216CA7F200D0A9D5 /* Fortnite_HubUITests.swift */,
				9A62EAEC216CA7F200D0A9D5 /* Info.plist */,
			);
			path = "Fortnite HubUITests";
			sourceTree = "<group>";
		};
		9A8E1796216CA97800F805DC /* Resources */ = {
			isa = PBXGroup;
			children = (
				9A8E17A0216CAD3700F805DC /* Fons */,
				9A62EAD1216CA7F200D0A9D5 /* Assets.xcassets */,
				9A62EAD6216CA7F200D0A9D5 /* Info.plist */,
			);
			path = Resources;
			sourceTree = "<group>";
		};
		9A8E1797216CA98800F805DC /* AppDelegate */ = {
			isa = PBXGroup;
			children = (
				9A62EAC7216CA7F000D0A9D5 /* AppDelegate.swift */,
			);
			path = AppDelegate;
			sourceTree = "<group>";
		};
		9A8E1798216CA99B00F805DC /* Network */ = {
			isa = PBXGroup;
			children = (
			);
			path = Network;
			sourceTree = "<group>";
		};
		9A8E1799216CA9B000F805DC /* Main */ = {
			isa = PBXGroup;
			children = (
				9A8E179E216CA9E000F805DC /* Storyboards */,
				9A8E179D216CA9CD00F805DC /* Models */,
				9A8E179C216CA9C500F805DC /* View Models */,
				9A8E179B216CA9BE00F805DC /* Views */,
				9A8E179A216CA9B700F805DC /* Controllers */,
			);
			path = Main;
			sourceTree = "<group>";
		};
		9A8E179A216CA9B700F805DC /* Controllers */ = {
			isa = PBXGroup;
			children = (
				9A8E17A3216CAED100F805DC /* MainVC.swift */,
			);
			path = Controllers;
			sourceTree = "<group>";
		};
		9A8E179B216CA9BE00F805DC /* Views */ = {
			isa = PBXGroup;
			children = (
				9A8E17A8216CE17C00F805DC /* MenuBar.swift */,
				9A8E17AD216CEB3200F805DC /* MenuCell.swift */,
			);
			path = Views;
			sourceTree = "<group>";
		};
		9A8E179C216CA9C500F805DC /* View Models */ = {
			isa = PBXGroup;
			children = (
			);
			path = "View Models";
			sourceTree = "<group>";
		};
		9A8E179D216CA9CD00F805DC /* Models */ = {
			isa = PBXGroup;
			children = (
			);
			path = Models;
			sourceTree = "<group>";
		};
		9A8E179E216CA9E000F805DC /* Storyboards */ = {
			isa = PBXGroup;
			children = (
				9A62EACB216CA7F000D0A9D5 /* Main.storyboard */,
			);
			path = Storyboards;
			sourceTree = "<group>";
		};
		9A8E179F216CAA1A00F805DC /* Lunch */ = {
			isa = PBXGroup;
			children = (
				9A62EAD3216CA7F200D0A9D5 /* LaunchScreen.storyboard */,
			);
			path = Lunch;
			sourceTree = "<group>";
		};
		9A8E17A0216CAD3700F805DC /* Fons */ = {
			isa = PBXGroup;
			children = (
				9A8E17A1216CAD4A00F805DC /* Burbank Big Condensed Black.ttf */,
			);
			path = Fons;
			sourceTree = "<group>";
		};
		9A8E17A5216CBD5200F805DC /* Designables */ = {
			isa = PBXGroup;
			children = (
				9A8E17A6216CBD6800F805DC /* UIViewX.swift */,
			);
			path = Designables;
			sourceTree = "<group>";
		};
		9A8E17AA216CE1F300F805DC /* Extenions */ = {
			isa = PBXGroup;
			children = (
				9A8E17AB216CE20700F805DC /* Extensions.swift */,
			);
			path = Extenions;
			sourceTree = "<group>";
		};
		BBA3AAD7448BAB2AAC8CB373 /* Pods */ = {
			isa = PBXGroup;
			children = (
				673D5D5139F73D088CB5DA29 /* Pods-Fortnite Hub.debug.xcconfig */,
				C048B31D0F6C999C5E5B1AEF /* Pods-Fortnite Hub.release.xcconfig */,
				E7C0F06E9F1CA082BF43DDA6 /* Pods-Fortnite HubTests.debug.xcconfig */,
				03511FDDFEEBC580F2C9CA50 /* Pods-Fortnite HubTests.release.xcconfig */,
				10C6008426E292C3CF5FFC78 /* Pods-Fortnite HubUITests.debug.xcconfig */,
				EB026BA7958A6F0FEB980892 /* Pods-Fortnite HubUITests.release.xcconfig */,
			);
			name = Pods;
			sourceTree = "<group>";
		};
		D5AA3F4166396076FD0B2B0F /* Frameworks */ = {
			isa = PBXGroup;
			children = (
				545A34184034BB4B078CDE13 /* Pods_Fortnite_Hub.framework */,
				37F6F288FC242F40504E8DAF /* Pods_Fortnite_HubTests.framework */,
				21212CE21137E6DB7144A638 /* Pods_Fortnite_HubUITests.framework */,
			);
			name = Frameworks;
			sourceTree = "<group>";
		};
/* End PBXGroup section */

/* Begin PBXNativeTarget section */
		9A62EAC3216CA7F000D0A9D5 /* Fortnite Hub */ = {
			isa = PBXNativeTarget;
			buildConfigurationList = 9A62EAEF216CA7F200D0A9D5 /* Build configuration list for PBXNativeTarget "Fortnite Hub" */;
			buildPhases = (
				8E6F5A471EEDFF09F9679538 /* [CP] Check Pods Manifest.lock */,
				9A62EAC0216CA7F000D0A9D5 /* Sources */,
				9A62EAC1216CA7F000D0A9D5 /* Frameworks */,
				9A62EAC2216CA7F000D0A9D5 /* Resources */,
				66A80E3F35B3F5DA3CA31939 /* [CP] Embed Pods Frameworks */,
			);
			buildRules = (
			);
			dependencies = (
			);
			name = "Fortnite Hub";
			productName = "Fortnite Hub";
			productReference = 9A62EAC4216CA7F000D0A9D5 /* Fortnite Hub.app */;
			productType = "com.apple.product-type.application";
		};
		9A62EADA216CA7F200D0A9D5 /* Fortnite HubTests */ = {
			isa = PBXNativeTarget;
			buildConfigurationList = 9A62EAF2216CA7F200D0A9D5 /* Build configuration list for PBXNativeTarget "Fortnite HubTests" */;
			buildPhases = (
				650F1710901C767F561B4327 /* [CP] Check Pods Manifest.lock */,
				9A62EAD7216CA7F200D0A9D5 /* Sources */,
				9A62EAD8216CA7F200D0A9D5 /* Frameworks */,
				9A62EAD9216CA7F200D0A9D5 /* Resources */,
			);
			buildRules = (
			);
			dependencies = (
				9A62EADD216CA7F200D0A9D5 /* PBXTargetDependency */,
			);
			name = "Fortnite HubTests";
			productName = "Fortnite HubTests";
			productReference = 9A62EADB216CA7F200D0A9D5 /* Fortnite HubTests.xctest */;
			productType = "com.apple.product-type.bundle.unit-test";
		};
		9A62EAE5216CA7F200D0A9D5 /* Fortnite HubUITests */ = {
			isa = PBXNativeTarget;
			buildConfigurationList = 9A62EAF5216CA7F200D0A9D5 /* Build configuration list for PBXNativeTarget "Fortnite HubUITests" */;
			buildPhases = (
				6EADEFE7111320FE42DBC11F /* [CP] Check Pods Manifest.lock */,
				9A62EAE2216CA7F200D0A9D5 /* Sources */,
				9A62EAE3216CA7F200D0A9D5 /* Frameworks */,
				9A62EAE4216CA7F200D0A9D5 /* Resources */,
			);
			buildRules = (
			);
			dependencies = (
				9A62EAE8216CA7F200D0A9D5 /* PBXTargetDependency */,
			);
			name = "Fortnite HubUITests";
			productName = "Fortnite HubUITests";
			productReference = 9A62EAE6216CA7F200D0A9D5 /* Fortnite HubUITests.xctest */;
			productType = "com.apple.product-type.bundle.ui-testing";
		};
/* End PBXNativeTarget section */

/* Begin PBXProject section */
		9A62EABC216CA7F000D0A9D5 /* Project object */ = {
			isa = PBXProject;
			attributes = {
				LastSwiftUpdateCheck = 1000;
				LastUpgradeCheck = 1000;
				ORGANIZATIONNAME = "Fabio Dantas";
				TargetAttributes = {
					9A62EAC3216CA7F000D0A9D5 = {
						CreatedOnToolsVersion = 10.0;
					};
					9A62EADA216CA7F200D0A9D5 = {
						CreatedOnToolsVersion = 10.0;
						TestTargetID = 9A62EAC3216CA7F000D0A9D5;
					};
					9A62EAE5216CA7F200D0A9D5 = {
						CreatedOnToolsVersion = 10.0;
						TestTargetID = 9A62EAC3216CA7F000D0A9D5;
					};
				};
			};
			buildConfigurationList = 9A62EABF216CA7F000D0A9D5 /* Build configuration list for PBXProject "Fortnite Hub" */;
			compatibilityVersion = "Xcode 9.3";
			developmentRegion = en;
			hasScannedForEncodings = 0;
			knownRegions = (
				en,
				Base,
			);
			mainGroup = 9A62EABB216CA7F000D0A9D5;
			productRefGroup = 9A62EAC5216CA7F000D0A9D5 /* Products */;
			projectDirPath = "";
			projectRoot = "";
			targets = (
				9A62EAC3216CA7F000D0A9D5 /* Fortnite Hub */,
				9A62EADA216CA7F200D0A9D5 /* Fortnite HubTests */,
				9A62EAE5216CA7F200D0A9D5 /* Fortnite HubUITests */,
			);
		};
/* End PBXProject section */

/* Begin PBXResourcesBuildPhase section */
		9A62EAC2216CA7F000D0A9D5 /* Resources */ = {
			isa = PBXResourcesBuildPhase;
			buildActionMask = 2147483647;
			files = (
				9A62EAD5216CA7F200D0A9D5 /* LaunchScreen.storyboard in Resources */,
				9A62EAD2216CA7F200D0A9D5 /* Assets.xcassets in Resources */,
				9A8E17A2216CAD4A00F805DC /* Burbank Big Condensed Black.ttf in Resources */,
				9A62EACD216CA7F000D0A9D5 /* Main.storyboard in Resources */,
			);
			runOnlyForDeploymentPostprocessing = 0;
		};
		9A62EAD9216CA7F200D0A9D5 /* Resources */ = {
			isa = PBXResourcesBuildPhase;
			buildActionMask = 2147483647;
			files = (
			);
			runOnlyForDeploymentPostprocessing = 0;
		};
		9A62EAE4216CA7F200D0A9D5 /* Resources */ = {
			isa = PBXResourcesBuildPhase;
			buildActionMask = 2147483647;
			files = (
			);
			runOnlyForDeploymentPostprocessing = 0;
		};
/* End PBXResourcesBuildPhase section */

/* Begin PBXShellScriptBuildPhase section */
		650F1710901C767F561B4327 /* [CP] Check Pods Manifest.lock */ = {
			isa = PBXShellScriptBuildPhase;
			buildActionMask = 2147483647;
			files = (
			);
			inputPaths = (
				"${PODS_PODFILE_DIR_PATH}/Podfile.lock",
				"${PODS_ROOT}/Manifest.lock",
			);
			name = "[CP] Check Pods Manifest.lock";
			outputPaths = (
				"$(DERIVED_FILE_DIR)/Pods-Fortnite HubTests-checkManifestLockResult.txt",
			);
			runOnlyForDeploymentPostprocessing = 0;
			shellPath = /bin/sh;
			shellScript = "diff \"${PODS_PODFILE_DIR_PATH}/Podfile.lock\" \"${PODS_ROOT}/Manifest.lock\" > /dev/null\nif [ $? != 0 ] ; then\n    # print error to STDERR\n    echo \"error: The sandbox is not in sync with the Podfile.lock. Run 'pod install' or update your CocoaPods installation.\" >&2\n    exit 1\nfi\n# This output is used by Xcode 'outputs' to avoid re-running this script phase.\necho \"SUCCESS\" > \"${SCRIPT_OUTPUT_FILE_0}\"\n";
			showEnvVarsInLog = 0;
		};
		66A80E3F35B3F5DA3CA31939 /* [CP] Embed Pods Frameworks */ = {
			isa = PBXShellScriptBuildPhase;
			buildActionMask = 2147483647;
			files = (
			);
			inputPaths = (
				"${SRCROOT}/Pods/Target Support Files/Pods-Fortnite Hub/Pods-Fortnite Hub-frameworks.sh",
				"${BUILT_PRODUCTS_DIR}/GSMessages/GSMessages.framework",
				"${BUILT_PRODUCTS_DIR}/Kingfisher/Kingfisher.framework",
				"${BUILT_PRODUCTS_DIR}/NVActivityIndicatorView/NVActivityIndicatorView.framework",
			);
			name = "[CP] Embed Pods Frameworks";
			outputPaths = (
				"${TARGET_BUILD_DIR}/${FRAMEWORKS_FOLDER_PATH}/GSMessages.framework",
				"${TARGET_BUILD_DIR}/${FRAMEWORKS_FOLDER_PATH}/Kingfisher.framework",
				"${TARGET_BUILD_DIR}/${FRAMEWORKS_FOLDER_PATH}/NVActivityIndicatorView.framework",
			);
			runOnlyForDeploymentPostprocessing = 0;
			shellPath = /bin/sh;
			shellScript = "\"${SRCROOT}/Pods/Target Support Files/Pods-Fortnite Hub/Pods-Fortnite Hub-frameworks.sh\"\n";
			showEnvVarsInLog = 0;
		};
		6EADEFE7111320FE42DBC11F /* [CP] Check Pods Manifest.lock */ = {
			isa = PBXShellScriptBuildPhase;
			buildActionMask = 2147483647;
			files = (
			);
			inputPaths = (
				"${PODS_PODFILE_DIR_PATH}/Podfile.lock",
				"${PODS_ROOT}/Manifest.lock",
			);
			name = "[CP] Check Pods Manifest.lock";
			outputPaths = (
				"$(DERIVED_FILE_DIR)/Pods-Fortnite HubUITests-checkManifestLockResult.txt",
			);
			runOnlyForDeploymentPostprocessing = 0;
			shellPath = /bin/sh;
			shellScript = "diff \"${PODS_PODFILE_DIR_PATH}/Podfile.lock\" \"${PODS_ROOT}/Manifest.lock\" > /dev/null\nif [ $? != 0 ] ; then\n    # print error to STDERR\n    echo \"error: The sandbox is not in sync with the Podfile.lock. Run 'pod install' or update your CocoaPods installation.\" >&2\n    exit 1\nfi\n# This output is used by Xcode 'outputs' to avoid re-running this script phase.\necho \"SUCCESS\" > \"${SCRIPT_OUTPUT_FILE_0}\"\n";
			showEnvVarsInLog = 0;
		};
		8E6F5A471EEDFF09F9679538 /* [CP] Check Pods Manifest.lock */ = {
			isa = PBXShellScriptBuildPhase;
			buildActionMask = 2147483647;
			files = (
			);
			inputPaths = (
				"${PODS_PODFILE_DIR_PATH}/Podfile.lock",
				"${PODS_ROOT}/Manifest.lock",
			);
			name = "[CP] Check Pods Manifest.lock";
			outputPaths = (
				"$(DERIVED_FILE_DIR)/Pods-Fortnite Hub-checkManifestLockResult.txt",
			);
			runOnlyForDeploymentPostprocessing = 0;
			shellPath = /bin/sh;
			shellScript = "diff \"${PODS_PODFILE_DIR_PATH}/Podfile.lock\" \"${PODS_ROOT}/Manifest.lock\" > /dev/null\nif [ $? != 0 ] ; then\n    # print error to STDERR\n    echo \"error: The sandbox is not in sync with the Podfile.lock. Run 'pod install' or update your CocoaPods installation.\" >&2\n    exit 1\nfi\n# This output is used by Xcode 'outputs' to avoid re-running this script phase.\necho \"SUCCESS\" > \"${SCRIPT_OUTPUT_FILE_0}\"\n";
			showEnvVarsInLog = 0;
		};
/* End PBXShellScriptBuildPhase section */

/* Begin PBXSourcesBuildPhase section */
		9A62EAC0216CA7F000D0A9D5 /* Sources */ = {
			isa = PBXSourcesBuildPhase;
			buildActionMask = 2147483647;
			files = (
				9A8E17AC216CE20700F805DC /* Extensions.swift in Sources */,
				9A62EAC8216CA7F000D0A9D5 /* AppDelegate.swift in Sources */,
				9A8E17AE216CEB3200F805DC /* MenuCell.swift in Sources */,
				9A8E17A4216CAED100F805DC /* MainVC.swift in Sources */,
				9A8E17A9216CE17C00F805DC /* MenuBar.swift in Sources */,
				9A8E17A7216CBD6800F805DC /* UIViewX.swift in Sources */,
			);
			runOnlyForDeploymentPostprocessing = 0;
		};
		9A62EAD7216CA7F200D0A9D5 /* Sources */ = {
			isa = PBXSourcesBuildPhase;
			buildActionMask = 2147483647;
			files = (
				9A62EAE0216CA7F200D0A9D5 /* Fortnite_HubTests.swift in Sources */,
			);
			runOnlyForDeploymentPostprocessing = 0;
		};
		9A62EAE2216CA7F200D0A9D5 /* Sources */ = {
			isa = PBXSourcesBuildPhase;
			buildActionMask = 2147483647;
			files = (
				9A62EAEB216CA7F200D0A9D5 /* Fortnite_HubUITests.swift in Sources */,
			);
			runOnlyForDeploymentPostprocessing = 0;
		};
/* End PBXSourcesBuildPhase section */

/* Begin PBXTargetDependency section */
		9A62EADD216CA7F200D0A9D5 /* PBXTargetDependency */ = {
			isa = PBXTargetDependency;
			target = 9A62EAC3216CA7F000D0A9D5 /* Fortnite Hub */;
			targetProxy = 9A62EADC216CA7F200D0A9D5 /* PBXContainerItemProxy */;
		};
		9A62EAE8216CA7F200D0A9D5 /* PBXTargetDependency */ = {
			isa = PBXTargetDependency;
			target = 9A62EAC3216CA7F000D0A9D5 /* Fortnite Hub */;
			targetProxy = 9A62EAE7216CA7F200D0A9D5 /* PBXContainerItemProxy */;
		};
/* End PBXTargetDependency section */

/* Begin PBXVariantGroup section */
		9A62EACB216CA7F000D0A9D5 /* Main.storyboard */ = {
			isa = PBXVariantGroup;
			children = (
				9A62EACC216CA7F000D0A9D5 /* Base */,
			);
			name = Main.storyboard;
			sourceTree = "<group>";
		};
		9A62EAD3216CA7F200D0A9D5 /* LaunchScreen.storyboard */ = {
			isa = PBXVariantGroup;
			children = (
				9A62EAD4216CA7F200D0A9D5 /* Base */,
			);
			name = LaunchScreen.storyboard;
			sourceTree = "<group>";
		};
/* End PBXVariantGroup section */

/* Begin XCBuildConfiguration section */
		9A62EAED216CA7F200D0A9D5 /* Debug */ = {
			isa = XCBuildConfiguration;
			buildSettings = {
				ALWAYS_SEARCH_USER_PATHS = NO;
				CLANG_ANALYZER_NONNULL = YES;
				CLANG_ANALYZER_NUMBER_OBJECT_CONVERSION = YES_AGGRESSIVE;
				CLANG_CXX_LANGUAGE_STANDARD = "gnu++14";
				CLANG_CXX_LIBRARY = "libc++";
				CLANG_ENABLE_MODULES = YES;
				CLANG_ENABLE_OBJC_ARC = YES;
				CLANG_ENABLE_OBJC_WEAK = YES;
				CLANG_WARN_BLOCK_CAPTURE_AUTORELEASING = YES;
				CLANG_WARN_BOOL_CONVERSION = YES;
				CLANG_WARN_COMMA = YES;
				CLANG_WARN_CONSTANT_CONVERSION = YES;
				CLANG_WARN_DEPRECATED_OBJC_IMPLEMENTATIONS = YES;
				CLANG_WARN_DIRECT_OBJC_ISA_USAGE = YES_ERROR;
				CLANG_WARN_DOCUMENTATION_COMMENTS = YES;
				CLANG_WARN_EMPTY_BODY = YES;
				CLANG_WARN_ENUM_CONVERSION = YES;
				CLANG_WARN_INFINITE_RECURSION = YES;
				CLANG_WARN_INT_CONVERSION = YES;
				CLANG_WARN_NON_LITERAL_NULL_CONVERSION = YES;
				CLANG_WARN_OBJC_IMPLICIT_RETAIN_SELF = YES;
				CLANG_WARN_OBJC_LITERAL_CONVERSION = YES;
				CLANG_WARN_OBJC_ROOT_CLASS = YES_ERROR;
				CLANG_WARN_RANGE_LOOP_ANALYSIS = YES;
				CLANG_WARN_STRICT_PROTOTYPES = YES;
				CLANG_WARN_SUSPICIOUS_MOVE = YES;
				CLANG_WARN_UNGUARDED_AVAILABILITY = YES_AGGRESSIVE;
				CLANG_WARN_UNREACHABLE_CODE = YES;
				CLANG_WARN__DUPLICATE_METHOD_MATCH = YES;
				CODE_SIGN_IDENTITY = "iPhone Developer";
				COPY_PHASE_STRIP = NO;
				DEBUG_INFORMATION_FORMAT = dwarf;
				ENABLE_STRICT_OBJC_MSGSEND = YES;
				ENABLE_TESTABILITY = YES;
				GCC_C_LANGUAGE_STANDARD = gnu11;
				GCC_DYNAMIC_NO_PIC = NO;
				GCC_NO_COMMON_BLOCKS = YES;
				GCC_OPTIMIZATION_LEVEL = 0;
				GCC_PREPROCESSOR_DEFINITIONS = (
					"DEBUG=1",
					"$(inherited)",
				);
				GCC_WARN_64_TO_32_BIT_CONVERSION = YES;
				GCC_WARN_ABOUT_RETURN_TYPE = YES_ERROR;
				GCC_WARN_UNDECLARED_SELECTOR = YES;
				GCC_WARN_UNINITIALIZED_AUTOS = YES_AGGRESSIVE;
				GCC_WARN_UNUSED_FUNCTION = YES;
				GCC_WARN_UNUSED_VARIABLE = YES;
				IPHONEOS_DEPLOYMENT_TARGET = 12.0;
				MTL_ENABLE_DEBUG_INFO = INCLUDE_SOURCE;
				MTL_FAST_MATH = YES;
				ONLY_ACTIVE_ARCH = YES;
				SDKROOT = iphoneos;
				SWIFT_ACTIVE_COMPILATION_CONDITIONS = DEBUG;
				SWIFT_OPTIMIZATION_LEVEL = "-Onone";
			};
			name = Debug;
		};
		9A62EAEE216CA7F200D0A9D5 /* Release */ = {
			isa = XCBuildConfiguration;
			buildSettings = {
				ALWAYS_SEARCH_USER_PATHS = NO;
				CLANG_ANALYZER_NONNULL = YES;
				CLANG_ANALYZER_NUMBER_OBJECT_CONVERSION = YES_AGGRESSIVE;
				CLANG_CXX_LANGUAGE_STANDARD = "gnu++14";
				CLANG_CXX_LIBRARY = "libc++";
				CLANG_ENABLE_MODULES = YES;
				CLANG_ENABLE_OBJC_ARC = YES;
				CLANG_ENABLE_OBJC_WEAK = YES;
				CLANG_WARN_BLOCK_CAPTURE_AUTORELEASING = YES;
				CLANG_WARN_BOOL_CONVERSION = YES;
				CLANG_WARN_COMMA = YES;
				CLANG_WARN_CONSTANT_CONVERSION = YES;
				CLANG_WARN_DEPRECATED_OBJC_IMPLEMENTATIONS = YES;
				CLANG_WARN_DIRECT_OBJC_ISA_USAGE = YES_ERROR;
				CLANG_WARN_DOCUMENTATION_COMMENTS = YES;
				CLANG_WARN_EMPTY_BODY = YES;
				CLANG_WARN_ENUM_CONVERSION = YES;
				CLANG_WARN_INFINITE_RECURSION = YES;
				CLANG_WARN_INT_CONVERSION = YES;
				CLANG_WARN_NON_LITERAL_NULL_CONVERSION = YES;
				CLANG_WARN_OBJC_IMPLICIT_RETAIN_SELF = YES;
				CLANG_WARN_OBJC_LITERAL_CONVERSION = YES;
				CLANG_WARN_OBJC_ROOT_CLASS = YES_ERROR;
				CLANG_WARN_RANGE_LOOP_ANALYSIS = YES;
				CLANG_WARN_STRICT_PROTOTYPES = YES;
				CLANG_WARN_SUSPICIOUS_MOVE = YES;
				CLANG_WARN_UNGUARDED_AVAILABILITY = YES_AGGRESSIVE;
				CLANG_WARN_UNREACHABLE_CODE = YES;
				CLANG_WARN__DUPLICATE_METHOD_MATCH = YES;
				CODE_SIGN_IDENTITY = "iPhone Developer";
				COPY_PHASE_STRIP = NO;
				DEBUG_INFORMATION_FORMAT = "dwarf-with-dsym";
				ENABLE_NS_ASSERTIONS = NO;
				ENABLE_STRICT_OBJC_MSGSEND = YES;
				GCC_C_LANGUAGE_STANDARD = gnu11;
				GCC_NO_COMMON_BLOCKS = YES;
				GCC_WARN_64_TO_32_BIT_CONVERSION = YES;
				GCC_WARN_ABOUT_RETURN_TYPE = YES_ERROR;
				GCC_WARN_UNDECLARED_SELECTOR = YES;
				GCC_WARN_UNINITIALIZED_AUTOS = YES_AGGRESSIVE;
				GCC_WARN_UNUSED_FUNCTION = YES;
				GCC_WARN_UNUSED_VARIABLE = YES;
				IPHONEOS_DEPLOYMENT_TARGET = 12.0;
				MTL_ENABLE_DEBUG_INFO = NO;
				MTL_FAST_MATH = YES;
				SDKROOT = iphoneos;
				SWIFT_COMPILATION_MODE = wholemodule;
				SWIFT_OPTIMIZATION_LEVEL = "-O";
				VALIDATE_PRODUCT = YES;
			};
			name = Release;
		};
		9A62EAF0216CA7F200D0A9D5 /* Debug */ = {
			isa = XCBuildConfiguration;
			baseConfigurationReference = 673D5D5139F73D088CB5DA29 /* Pods-Fortnite Hub.debug.xcconfig */;
			buildSettings = {
				ASSETCATALOG_COMPILER_APPICON_NAME = AppIcon;
				CODE_SIGN_STYLE = Automatic;
				DEVELOPMENT_TEAM = 2K6N9E42FC;
				INFOPLIST_FILE = "$(SRCROOT)/Fortnite Hub/Resources/Info.plist";
				LD_RUNPATH_SEARCH_PATHS = (
					"$(inherited)",
					"@executable_path/Frameworks",
				);
				PRODUCT_BUNDLE_IDENTIFIER = "com.dantas.best-movies.Fortnite-Hub";
				PRODUCT_NAME = "$(TARGET_NAME)";
				SWIFT_VERSION = 4.2;
				TARGETED_DEVICE_FAMILY = "1,2";
			};
			name = Debug;
		};
		9A62EAF1216CA7F200D0A9D5 /* Release */ = {
			isa = XCBuildConfiguration;
			baseConfigurationReference = C048B31D0F6C999C5E5B1AEF /* Pods-Fortnite Hub.release.xcconfig */;
			buildSettings = {
				ASSETCATALOG_COMPILER_APPICON_NAME = AppIcon;
				CODE_SIGN_STYLE = Automatic;
				DEVELOPMENT_TEAM = 2K6N9E42FC;
				INFOPLIST_FILE = "$(SRCROOT)/Fortnite Hub/Resources/Info.plist";
				LD_RUNPATH_SEARCH_PATHS = (
					"$(inherited)",
					"@executable_path/Frameworks",
				);
				PRODUCT_BUNDLE_IDENTIFIER = "com.dantas.best-movies.Fortnite-Hub";
				PRODUCT_NAME = "$(TARGET_NAME)";
				SWIFT_VERSION = 4.2;
				TARGETED_DEVICE_FAMILY = "1,2";
			};
			name = Release;
		};
		9A62EAF3216CA7F200D0A9D5 /* Debug */ = {
			isa = XCBuildConfiguration;
			baseConfigurationReference = E7C0F06E9F1CA082BF43DDA6 /* Pods-Fortnite HubTests.debug.xcconfig */;
			buildSettings = {
				ALWAYS_EMBED_SWIFT_STANDARD_LIBRARIES = YES;
				BUNDLE_LOADER = "$(TEST_HOST)";
				CODE_SIGN_STYLE = Automatic;
				DEVELOPMENT_TEAM = 2K6N9E42FC;
				INFOPLIST_FILE = "Fortnite HubTests/Info.plist";
				LD_RUNPATH_SEARCH_PATHS = (
					"$(inherited)",
					"@executable_path/Frameworks",
					"@loader_path/Frameworks",
				);
				PRODUCT_BUNDLE_IDENTIFIER = "com.dantas.best-movies.Fortnite-HubTests";
				PRODUCT_NAME = "$(TARGET_NAME)";
				SWIFT_VERSION = 4.2;
				TARGETED_DEVICE_FAMILY = "1,2";
				TEST_HOST = "$(BUILT_PRODUCTS_DIR)/Fortnite Hub.app/Fortnite Hub";
			};
			name = Debug;
		};
		9A62EAF4216CA7F200D0A9D5 /* Release */ = {
			isa = XCBuildConfiguration;
			baseConfigurationReference = 03511FDDFEEBC580F2C9CA50 /* Pods-Fortnite HubTests.release.xcconfig */;
			buildSettings = {
				ALWAYS_EMBED_SWIFT_STANDARD_LIBRARIES = YES;
				BUNDLE_LOADER = "$(TEST_HOST)";
				CODE_SIGN_STYLE = Automatic;
				DEVELOPMENT_TEAM = 2K6N9E42FC;
				INFOPLIST_FILE = "Fortnite HubTests/Info.plist";
				LD_RUNPATH_SEARCH_PATHS = (
					"$(inherited)",
					"@executable_path/Frameworks",
					"@loader_path/Frameworks",
				);
				PRODUCT_BUNDLE_IDENTIFIER = "com.dantas.best-movies.Fortnite-HubTests";
				PRODUCT_NAME = "$(TARGET_NAME)";
				SWIFT_VERSION = 4.2;
				TARGETED_DEVICE_FAMILY = "1,2";
				TEST_HOST = "$(BUILT_PRODUCTS_DIR)/Fortnite Hub.app/Fortnite Hub";
			};
			name = Release;
		};
		9A62EAF6216CA7F200D0A9D5 /* Debug */ = {
			isa = XCBuildConfiguration;
			baseConfigurationReference = 10C6008426E292C3CF5FFC78 /* Pods-Fortnite HubUITests.debug.xcconfig */;
			buildSettings = {
				ALWAYS_EMBED_SWIFT_STANDARD_LIBRARIES = YES;
				CODE_SIGN_STYLE = Automatic;
				DEVELOPMENT_TEAM = 2K6N9E42FC;
				INFOPLIST_FILE = "Fortnite HubUITests/Info.plist";
				LD_RUNPATH_SEARCH_PATHS = (
					"$(inherited)",
					"@executable_path/Frameworks",
					"@loader_path/Frameworks",
				);
				PRODUCT_BUNDLE_IDENTIFIER = "com.dantas.best-movies.Fortnite-HubUITests";
				PRODUCT_NAME = "$(TARGET_NAME)";
				SWIFT_VERSION = 4.2;
				TARGETED_DEVICE_FAMILY = "1,2";
				TEST_TARGET_NAME = "Fortnite Hub";
			};
			name = Debug;
		};
		9A62EAF7216CA7F200D0A9D5 /* Release */ = {
			isa = XCBuildConfiguration;
			baseConfigurationReference = EB026BA7958A6F0FEB980892 /* Pods-Fortnite HubUITests.release.xcconfig */;
			buildSettings = {
				ALWAYS_EMBED_SWIFT_STANDARD_LIBRARIES = YES;
				CODE_SIGN_STYLE = Automatic;
				DEVELOPMENT_TEAM = 2K6N9E42FC;
				INFOPLIST_FILE = "Fortnite HubUITests/Info.plist";
				LD_RUNPATH_SEARCH_PATHS = (
					"$(inherited)",
					"@executable_path/Frameworks",
					"@loader_path/Frameworks",
				);
				PRODUCT_BUNDLE_IDENTIFIER = "com.dantas.best-movies.Fortnite-HubUITests";
				PRODUCT_NAME = "$(TARGET_NAME)";
				SWIFT_VERSION = 4.2;
				TARGETED_DEVICE_FAMILY = "1,2";
				TEST_TARGET_NAME = "Fortnite Hub";
			};
			name = Release;
		};
/* End XCBuildConfiguration section */

/* Begin XCConfigurationList section */
		9A62EABF216CA7F000D0A9D5 /* Build configuration list for PBXProject "Fortnite Hub" */ = {
			isa = XCConfigurationList;
			buildConfigurations = (
				9A62EAED216CA7F200D0A9D5 /* Debug */,
				9A62EAEE216CA7F200D0A9D5 /* Release */,
			);
			defaultConfigurationIsVisible = 0;
			defaultConfigurationName = Release;
		};
		9A62EAEF216CA7F200D0A9D5 /* Build configuration list for PBXNativeTarget "Fortnite Hub" */ = {
			isa = XCConfigurationList;
			buildConfigurations = (
				9A62EAF0216CA7F200D0A9D5 /* Debug */,
				9A62EAF1216CA7F200D0A9D5 /* Release */,
			);
			defaultConfigurationIsVisible = 0;
			defaultConfigurationName = Release;
		};
		9A62EAF2216CA7F200D0A9D5 /* Build configuration list for PBXNativeTarget "Fortnite HubTests" */ = {
			isa = XCConfigurationList;
			buildConfigurations = (
				9A62EAF3216CA7F200D0A9D5 /* Debug */,
				9A62EAF4216CA7F200D0A9D5 /* Release */,
			);
			defaultConfigurationIsVisible = 0;
			defaultConfigurationName = Release;
		};
		9A62EAF5216CA7F200D0A9D5 /* Build configuration list for PBXNativeTarget "Fortnite HubUITests" */ = {
			isa = XCConfigurationList;
			buildConfigurations = (
				9A62EAF6216CA7F200D0A9D5 /* Debug */,
				9A62EAF7216CA7F200D0A9D5 /* Release */,
			);
			defaultConfigurationIsVisible = 0;
			defaultConfigurationName = Release;
		};
/* End XCConfigurationList section */
	};
	rootObject = 9A62EABC216CA7F000D0A9D5 /* Project object */;
}
